Microsoft Visual Studio Solution File, Format Version 12.00
# Visual Studio Version 17
VisualStudioVersion = 17.5.2.0
MinimumVisualStudioVersion = 10.0.40219.1
Project("{FAE04EC0-301F-11D3-BF4B-00C04F79EFBC}") = "BjkSportsbookAI", "BjkSportsbookAI.csproj", "{09F22247-D35B-1179-18FF-BD6864E438FA}"
EndProject
Global
	GlobalSection(SolutionConfigurationPlatforms) = preSolution
		Debug|Any CPU = Debug|Any CPU
		Release|Any CPU = Release|Any CPU
	EndGlobalSection
	GlobalSection(ProjectConfigurationPlatforms) = postSolution
		{09F22247-D35B-1179-18FF-BD6864E438FA}.Debug|Any CPU.ActiveCfg = Debug|Any CPU
		{09F22247-D35B-1179-18FF-BD6864E438FA}.Debug|Any CPU.Build.0 = Debug|Any CPU
		{09F22247-D35B-1179-18FF-BD6864E438FA}.Release|Any CPU.ActiveCfg = Release|Any CPU
		{09F22247-D35B-1179-18FF-BD6864E438FA}.Release|Any CPU.Build.0 = Release|Any CPU
	EndGlobalSection
	GlobalSection(SolutionProperties) = preSolution
		HideSolutionNode = FALSE
	EndGlobalSection
	GlobalSection(ExtensibilityGlobals) = postSolution
		SolutionGuid = {A5F06A44-DC9F-4469-BC46-0FB6A527B476}
	EndGlobalSection
EndGlobal
